
Microsoft Visual Studio Solution File, Format Version 12.00
# Visual Studio Version 17
VisualStudioVersion = 17.8.34408.163
MinimumVisualStudioVersion = 10.0.40219.1
Project("{FAE04EC0-301F-11D3-BF4B-00C04F79EFBC}") = "q5", "q5\q5.csproj", "{60DB2D58-15D9-4EF3-8809-6014A1F8FDE3}"
EndProject
Global
	GlobalSection(SolutionConfigurationPlatforms) = preSolution
		Debug|Any CPU = Debug|Any CPU
		Release|Any CPU = Release|Any CPU
	EndGlobalSection
	GlobalSection(ProjectConfigurationPlatforms) = postSolution
		{60DB2D58-15D9-4EF3-8809-6014A1F8FDE3}.Debug|Any CPU.ActiveCfg = Debug|Any CPU
		{60DB2D58-15D9-4EF3-8809-6014A1F8FDE3}.Debug|Any CPU.Build.0 = Debug|Any CPU
		{60DB2D58-15D9-4EF3-8809-6014A1F8FDE3}.Release|Any CPU.ActiveCfg = Release|Any CPU
		{60DB2D58-15D9-4EF3-8809-6014A1F8FDE3}.Release|Any CPU.Build.0 = Release|Any CPU
	EndGlobalSection
	GlobalSection(SolutionProperties) = preSolution
		HideSolutionNode = FALSE
	EndGlobalSection
	GlobalSection(ExtensibilityGlobals) = postSolution
		SolutionGuid = {0DCC91D2-57AA-4A1A-975E-287634B769EF}
	EndGlobalSection
EndGlobal
