
Microsoft Visual Studio Solution File, Format Version 12.00
# Visual Studio Version 17
VisualStudioVersion = 17.8.34408.163
MinimumVisualStudioVersion = 10.0.40219.1
Project("{FAE04EC0-301F-11D3-BF4B-00C04F79EFBC}") = "q4", "q4\q4.csproj", "{1B50D4EB-920B-48C8-9751-82DC83747946}"
EndProject
Global
	GlobalSection(SolutionConfigurationPlatforms) = preSolution
		Debug|Any CPU = Debug|Any CPU
		Release|Any CPU = Release|Any CPU
	EndGlobalSection
	GlobalSection(ProjectConfigurationPlatforms) = postSolution
		{1B50D4EB-920B-48C8-9751-82DC83747946}.Debug|Any CPU.ActiveCfg = Debug|Any CPU
		{1B50D4EB-920B-48C8-9751-82DC83747946}.Debug|Any CPU.Build.0 = Debug|Any CPU
		{1B50D4EB-920B-48C8-9751-82DC83747946}.Release|Any CPU.ActiveCfg = Release|Any CPU
		{1B50D4EB-920B-48C8-9751-82DC83747946}.Release|Any CPU.Build.0 = Release|Any CPU
	EndGlobalSection
	GlobalSection(SolutionProperties) = preSolution
		HideSolutionNode = FALSE
	EndGlobalSection
	GlobalSection(ExtensibilityGlobals) = postSolution
		SolutionGuid = {B81F1D18-C81D-42C2-9493-9AC090F9097F}
	EndGlobalSection
EndGlobal
